
Microsoft Visual Studio Solution File, Format Version 12.00
# Visual Studio Version 16
VisualStudioVersion = 16.0.29519.87
MinimumVisualStudioVersion = 10.0.40219.1
Project("{FAE04EC0-301F-11D3-BF4B-00C04F79EFBC}") = "Robocode", "Robocode\Robocode.csproj", "{025BFBB6-6AF2-4615-B5DE-6BC4B83F8498}"
EndProject
Global
	GlobalSection(SolutionConfigurationPlatforms) = preSolution
		Debug|Any CPU = Debug|Any CPU
		Release|Any CPU = Release|Any CPU
	EndGlobalSection
	GlobalSection(ProjectConfigurationPlatforms) = postSolution
		{025BFBB6-6AF2-4615-B5DE-6BC4B83F8498}.Debug|Any CPU.ActiveCfg = Debug|Any CPU
		{025BFBB6-6AF2-4615-B5DE-6BC4B83F8498}.Debug|Any CPU.Build.0 = Debug|Any CPU
		{025BFBB6-6AF2-4615-B5DE-6BC4B83F8498}.Release|Any CPU.ActiveCfg = Release|Any CPU
		{025BFBB6-6AF2-4615-B5DE-6BC4B83F8498}.Release|Any CPU.Build.0 = Release|Any CPU
	EndGlobalSection
	GlobalSection(SolutionProperties) = preSolution
		HideSolutionNode = FALSE
	EndGlobalSection
	GlobalSection(ExtensibilityGlobals) = postSolution
		SolutionGuid = {976A7611-DA40-4723-95E4-7BA80F9884CA}
	EndGlobalSection
EndGlobal
